// !$*UTF8*$!
{
	archiveVersion = 1;
	classes = {
	};
	objectVersion = 46;
	objects = {

/* Begin PBXBuildFile section */
		6D2C12BA1E9C281E00899852 /* AppDelegate.swift in Sources */ = {isa = PBXBuildFile; fileRef = 6D2C12B91E9C281E00899852 /* AppDelegate.swift */; };
		6D2C12BC1E9C281E00899852 /* MasterViewController.swift in Sources */ = {isa = PBXBuildFile; fileRef = 6D2C12BB1E9C281E00899852 /* MasterViewController.swift */; };
		6D2C12BE1E9C281E00899852 /* DetailViewController.swift in Sources */ = {isa = PBXBuildFile; fileRef = 6D2C12BD1E9C281E00899852 /* DetailViewController.swift */; };
		6D2C12C11E9C281E00899852 /* Main.storyboard in Resources */ = {isa = PBXBuildFile; fileRef = 6D2C12BF1E9C281E00899852 /* Main.storyboard */; };
		6D2C12C31E9C281E00899852 /* Assets.xcassets in Resources */ = {isa = PBXBuildFile; fileRef = 6D2C12C21E9C281E00899852 /* Assets.xcassets */; };
		6D2C12C61E9C281E00899852 /* LaunchScreen.storyboard in Resources */ = {isa = PBXBuildFile; fileRef = 6D2C12C41E9C281E00899852 /* LaunchScreen.storyboard */; };
		6D2C12D11E9C281F00899852 /* New_Swift_GameTests.swift in Sources */ = {isa = PBXBuildFile; fileRef = 6D2C12D01E9C281F00899852 /* New_Swift_GameTests.swift */; };
		6D2C12DC1E9C281F00899852 /* New_Swift_GameUITests.swift in Sources */ = {isa = PBXBuildFile; fileRef = 6D2C12DB1E9C281F00899852 /* New_Swift_GameUITests.swift */; };
/* End PBXBuildFile section */

/* Begin PBXContainerItemProxy section */
		6D2C12CD1E9C281F00899852 /* PBXContainerItemProxy */ = {
			isa = PBXContainerItemProxy;
			containerPortal = 6D2C12AE1E9C281D00899852 /* Project object */;
			proxyType = 1;
			remoteGlobalIDString = 6D2C12B51E9C281D00899852;
			remoteInfo = New_Swift_Game;
		};
		6D2C12D81E9C281F00899852 /* PBXContainerItemProxy */ = {
			isa = PBXContainerItemProxy;
			containerPortal = 6D2C12AE1E9C281D00899852 /* Project object */;
			proxyType = 1;
			remoteGlobalIDString = 6D2C12B51E9C281D00899852;
			remoteInfo = New_Swift_Game;
		};
/* End PBXContainerItemProxy section */

/* Begin PBXFileReference section */
		6D2C12B61E9C281D00899852 /* New_Swift_Game.app */ = {isa = PBXFileReference; explicitFileType = wrapper.application; includeInIndex = 0; path = New_Swift_Game.app; sourceTree = BUILT_PRODUCTS_DIR; };
		6D2C12B91E9C281E00899852 /* AppDelegate.swift */ = {isa = PBXFileReference; lastKnownFileType = sourcecode.swift; path = AppDelegate.swift; sourceTree = "<group>"; };
		6D2C12BB1E9C281E00899852 /* MasterViewController.swift */ = {isa = PBXFileReference; lastKnownFileType = sourcecode.swift; path = MasterViewController.swift; sourceTree = "<group>"; };
		6D2C12BD1E9C281E00899852 /* DetailViewController.swift */ = {isa = PBXFileReference; lastKnownFileType = sourcecode.swift; path = DetailViewController.swift; sourceTree = "<group>"; };
		6D2C12C01E9C281E00899852 /* Base */ = {isa = PBXFileReference; lastKnownFileType = file.storyboard; name = Base; path = Base.lproj/Main.storyboard; sourceTree = "<group>"; };
		6D2C12C21E9C281E00899852 /* Assets.xcassets */ = {isa = PBXFileReference; lastKnownFileType = folder.assetcatalog; path = Assets.xcassets; sourceTree = "<group>"; };
		6D2C12C51E9C281E00899852 /* Base */ = {isa = PBXFileReference; lastKnownFileType = file.storyboard; name = Base; path = Base.lproj/LaunchScreen.storyboard; sourceTree = "<group>"; };
		6D2C12C71E9C281E00899852 /* Info.plist */ = {isa = PBXFileReference; lastKnownFileType = text.plist.xml; path = Info.plist; sourceTree = "<group>"; };
		6D2C12CC1E9C281F00899852 /* New_Swift_GameTests.xctest */ = {isa = PBXFileReference; explicitFileType = wrapper.cfbundle; includeInIndex = 0; path = New_Swift_GameTests.xctest; sourceTree = BUILT_PRODUCTS_DIR; };
		6D2C12D01E9C281F00899852 /* New_Swift_GameTests.swift */ = {isa = PBXFileReference; lastKnownFileType = sourcecode.swift; path = New_Swift_GameTests.swift; sourceTree = "<group>"; };
		6D2C12D21E9C281F00899852 /* Info.plist */ = {isa = PBXFileReference; lastKnownFileType = text.plist.xml; path = Info.plist; sourceTree = "<group>"; };
		6D2C12D71E9C281F00899852 /* New_Swift_GameUITests.xctest */ = {isa = PBXFileReference; explicitFileType = wrapper.cfbundle; includeInIndex = 0; path = New_Swift_GameUITests.xctest; sourceTree = BUILT_PRODUCTS_DIR; };
		6D2C12DB1E9C281F00899852 /* New_Swift_GameUITests.swift */ = {isa = PBXFileReference; lastKnownFileType = sourcecode.swift; path = New_Swift_GameUITests.swift; sourceTree = "<group>"; };
		6D2C12DD1E9C281F00899852 /* Info.plist */ = {isa = PBXFileReference; lastKnownFileType = text.plist.xml; path = Info.plist; sourceTree = "<group>"; };
/* End PBXFileReference section */

/* Begin PBXFrameworksBuildPhase section */
		6D2C12B31E9C281D00899852 /* Frameworks */ = {
			isa = PBXFrameworksBuildPhase;
			buildActionMask = 2147483647;
			files = (
			);
			runOnlyForDeploymentPostprocessing = 0;
		};
		6D2C12C91E9C281F00899852 /* Frameworks */ = {
			isa = PBXFrameworksBuildPhase;
			buildActionMask = 2147483647;
			files = (
			);
			runOnlyForDeploymentPostprocessing = 0;
		};
		6D2C12D41E9C281F00899852 /* Frameworks */ = {
			isa = PBXFrameworksBuildPhase;
			buildActionMask = 2147483647;
			files = (
			);
			runOnlyForDeploymentPostprocessing = 0;
		};
/* End PBXFrameworksBuildPhase section */

/* Begin PBXGroup section */
		6D2C12AD1E9C281D00899852 = {
			isa = PBXGroup;
			children = (
				6D2C12B81E9C281D00899852 /* New_Swift_Game */,
				6D2C12CF1E9C281F00899852 /* New_Swift_GameTests */,
				6D2C12DA1E9C281F00899852 /* New_Swift_GameUITests */,
				6D2C12B71E9C281D00899852 /* Products */,
			);
			sourceTree = "<group>";
		};
		6D2C12B71E9C281D00899852 /* Products */ = {
			isa = PBXGroup;
			children = (
				6D2C12B61E9C281D00899852 /* New_Swift_Game.app */,
				6D2C12CC1E9C281F00899852 /* New_Swift_GameTests.xctest */,
				6D2C12D71E9C281F00899852 /* New_Swift_GameUITests.xctest */,
			);
			name = Products;
			sourceTree = "<group>";
		};
		6D2C12B81E9C281D00899852 /* New_Swift_Game */ = {
			isa = PBXGroup;
			children = (
				6D2C12B91E9C281E00899852 /* AppDelegate.swift */,
				6D2C12BB1E9C281E00899852 /* MasterViewController.swift */,
				6D2C12BD1E9C281E00899852 /* DetailViewController.swift */,
				6D2C12BF1E9C281E00899852 /* Main.storyboard */,
				6D2C12C21E9C281E00899852 /* Assets.xcassets */,
				6D2C12C41E9C281E00899852 /* LaunchScreen.storyboard */,
				6D2C12C71E9C281E00899852 /* Info.plist */,
			);
			path = New_Swift_Game;
			sourceTree = "<group>";
		};
		6D2C12CF1E9C281F00899852 /* New_Swift_GameTests */ = {
			isa = PBXGroup;
			children = (
				6D2C12D01E9C281F00899852 /* New_Swift_GameTests.swift */,
				6D2C12D21E9C281F00899852 /* Info.plist */,
			);
			path = New_Swift_GameTests;
			sourceTree = "<group>";
		};
		6D2C12DA1E9C281F00899852 /* New_Swift_GameUITests */ = {
			isa = PBXGroup;
			children = (
				6D2C12DB1E9C281F00899852 /* New_Swift_GameUITests.swift */,
				6D2C12DD1E9C281F00899852 /* Info.plist */,
			);
			path = New_Swift_GameUITests;
			sourceTree = "<group>";
		};
/* End PBXGroup section */

/* Begin PBXNativeTarget section */
		6D2C12B51E9C281D00899852 /* New_Swift_Game */ = {
			isa = PBXNativeTarget;
			buildConfigurationList = 6D2C12E01E9C281F00899852 /* Build configuration list for PBXNativeTarget "New_Swift_Game" */;
			buildPhases = (
				6D2C12B21E9C281D00899852 /* Sources */,
				6D2C12B31E9C281D00899852 /* Frameworks */,
				6D2C12B41E9C281D00899852 /* Resources */,
			);
			buildRules = (
			);
			dependencies = (
			);
			name = New_Swift_Game;
			productName = New_Swift_Game;
			productReference = 6D2C12B61E9C281D00899852 /* New_Swift_Game.app */;
			productType = "com.apple.product-type.application";
		};
		6D2C12CB1E9C281F00899852 /* New_Swift_GameTests */ = {
			isa = PBXNativeTarget;
			buildConfigurationList = 6D2C12E31E9C281F00899852 /* Build configuration list for PBXNativeTarget "New_Swift_GameTests" */;
			buildPhases = (
				6D2C12C81E9C281F00899852 /* Sources */,
				6D2C12C91E9C281F00899852 /* Frameworks */,
				6D2C12CA1E9C281F00899852 /* Resources */,
			);
			buildRules = (
			);
			dependencies = (
				6D2C12CE1E9C281F00899852 /* PBXTargetDependency */,
			);
			name = New_Swift_GameTests;
			productName = New_Swift_GameTests;
			productReference = 6D2C12CC1E9C281F00899852 /* New_Swift_GameTests.xctest */;
			productType = "com.apple.product-type.bundle.unit-test";
		};
		6D2C12D61E9C281F00899852 /* New_Swift_GameUITests */ = {
			isa = PBXNativeTarget;
			buildConfigurationList = 6D2C12E61E9C281F00899852 /* Build configuration list for PBXNativeTarget "New_Swift_GameUITests" */;
			buildPhases = (
				6D2C12D31E9C281F00899852 /* Sources */,
				6D2C12D41E9C281F00899852 /* Frameworks */,
				6D2C12D51E9C281F00899852 /* Resources */,
			);
			buildRules = (
			);
			dependencies = (
				6D2C12D91E9C281F00899852 /* PBXTargetDependency */,
			);
			name = New_Swift_GameUITests;
			productName = New_Swift_GameUITests;
			productReference = 6D2C12D71E9C281F00899852 /* New_Swift_GameUITests.xctest */;
			productType = "com.apple.product-type.bundle.ui-testing";
		};
/* End PBXNativeTarget section */

/* Begin PBXProject section */
		6D2C12AE1E9C281D00899852 /* Project object */ = {
			isa = PBXProject;
			attributes = {
				LastSwiftUpdateCheck = 0820;
				LastUpgradeCheck = 0820;
				ORGANIZATIONNAME = "Jason Cabrejos";
				TargetAttributes = {
					6D2C12B51E9C281D00899852 = {
						CreatedOnToolsVersion = 8.2.1;
						ProvisioningStyle = Automatic;
					};
					6D2C12CB1E9C281F00899852 = {
						CreatedOnToolsVersion = 8.2.1;
						ProvisioningStyle = Automatic;
						TestTargetID = 6D2C12B51E9C281D00899852;
					};
					6D2C12D61E9C281F00899852 = {
						CreatedOnToolsVersion = 8.2.1;
						ProvisioningStyle = Automatic;
						TestTargetID = 6D2C12B51E9C281D00899852;
					};
				};
			};
			buildConfigurationList = 6D2C12B11E9C281D00899852 /* Build configuration list for PBXProject "New_Swift_Game" */;
			compatibilityVersion = "Xcode 3.2";
			developmentRegion = English;
			hasScannedForEncodings = 0;
			knownRegions = (
				en,
				Base,
			);
			mainGroup = 6D2C12AD1E9C281D00899852;
			productRefGroup = 6D2C12B71E9C281D00899852 /* Products */;
			projectDirPath = "";
			projectRoot = "";
			targets = (
				6D2C12B51E9C281D00899852 /* New_Swift_Game */,
				6D2C12CB1E9C281F00899852 /* New_Swift_GameTests */,
				6D2C12D61E9C281F00899852 /* New_Swift_GameUITests */,
			);
		};
/* End PBXProject section */

/* Begin PBXResourcesBuildPhase section */
		6D2C12B41E9C281D00899852 /* Resources */ = {
			isa = PBXResourcesBuildPhase;
			buildActionMask = 2147483647;
			files = (
				6D2C12C61E9C281E00899852 /* LaunchScreen.storyboard in Resources */,
				6D2C12C31E9C281E00899852 /* Assets.xcassets in Resources */,
				6D2C12C11E9C281E00899852 /* Main.storyboard in Resources */,
			);
			runOnlyForDeploymentPostprocessing = 0;
		};
		6D2C12CA1E9C281F00899852 /* Resources */ = {
			isa = PBXResourcesBuildPhase;
			buildActionMask = 2147483647;
			files = (
			);
			runOnlyForDeploymentPostprocessing = 0;
		};
		6D2C12D51E9C281F00899852 /* Resources */ = {
			isa = PBXResourcesBuildPhase;
			buildActionMask = 2147483647;
			files = (
			);
			runOnlyForDeploymentPostprocessing = 0;
		};
/* End PBXResourcesBuildPhase section */

/* Begin PBXSourcesBuildPhase section */
		6D2C12B21E9C281D00899852 /* Sources */ = {
			isa = PBXSourcesBuildPhase;
			buildActionMask = 2147483647;
			files = (
				6D2C12BE1E9C281E00899852 /* DetailViewController.swift in Sources */,
				6D2C12BC1E9C281E00899852 /* MasterViewController.swift in Sources */,
				6D2C12BA1E9C281E00899852 /* AppDelegate.swift in Sources */,
			);
			runOnlyForDeploymentPostprocessing = 0;
		};
		6D2C12C81E9C281F00899852 /* Sources */ = {
			isa = PBXSourcesBuildPhase;
			buildActionMask = 2147483647;
			files = (
				6D2C12D11E9C281F00899852 /* New_Swift_GameTests.swift in Sources */,
			);
			runOnlyForDeploymentPostprocessing = 0;
		};
		6D2C12D31E9C281F00899852 /* Sources */ = {
			isa = PBXSourcesBuildPhase;
			buildActionMask = 2147483647;
			files = (
				6D2C12DC1E9C281F00899852 /* New_Swift_GameUITests.swift in Sources */,
			);
			runOnlyForDeploymentPostprocessing = 0;
		};
/* End PBXSourcesBuildPhase section */

/* Begin PBXTargetDependency section */
		6D2C12CE1E9C281F00899852 /* PBXTargetDependency */ = {
			isa = PBXTargetDependency;
			target = 6D2C12B51E9C281D00899852 /* New_Swift_Game */;
			targetProxy = 6D2C12CD1E9C281F00899852 /* PBXContainerItemProxy */;
		};
		6D2C12D91E9C281F00899852 /* PBXTargetDependency */ = {
			isa = PBXTargetDependency;
			target = 6D2C12B51E9C281D00899852 /* New_Swift_Game */;
			targetProxy = 6D2C12D81E9C281F00899852 /* PBXContainerItemProxy */;
		};
/* End PBXTargetDependency section */

/* Begin PBXVariantGroup section */
		6D2C12BF1E9C281E00899852 /* Main.storyboard */ = {
			isa = PBXVariantGroup;
			children = (
				6D2C12C01E9C281E00899852 /* Base */,
			);
			name = Main.storyboard;
			sourceTree = "<group>";
		};
		6D2C12C41E9C281E00899852 /* LaunchScreen.storyboard */ = {
			isa = PBXVariantGroup;
			children = (
				6D2C12C51E9C281E00899852 /* Base */,
			);
			name = LaunchScreen.storyboard;
			sourceTree = "<group>";
		};
/* End PBXVariantGroup section */

/* Begin XCBuildConfiguration section */
		6D2C12DE1E9C281F00899852 /* Debug */ = {
			isa = XCBuildConfiguration;
			buildSettings = {
				ALWAYS_SEARCH_USER_PATHS = NO;
				CLANG_ANALYZER_NONNULL = YES;
				CLANG_CXX_LANGUAGE_STANDARD = "gnu++0x";
				CLANG_CXX_LIBRARY = "libc++";
				CLANG_ENABLE_MODULES = YES;
				CLANG_ENABLE_OBJC_ARC = YES;
				CLANG_WARN_BOOL_CONVERSION = YES;
				CLANG_WARN_CONSTANT_CONVERSION = YES;
				CLANG_WARN_DIRECT_OBJC_ISA_USAGE = YES_ERROR;
				CLANG_WARN_DOCUMENTATION_COMMENTS = YES;
				CLANG_WARN_EMPTY_BODY = YES;
				CLANG_WARN_ENUM_CONVERSION = YES;
				CLANG_WARN_INFINITE_RECURSION = YES;
				CLANG_WARN_INT_CONVERSION = YES;
				CLANG_WARN_OBJC_ROOT_CLASS = YES_ERROR;
				CLANG_WARN_SUSPICIOUS_MOVE = YES;
				CLANG_WARN_UNREACHABLE_CODE = YES;
				CLANG_WARN__DUPLICATE_METHOD_MATCH = YES;
				"CODE_SIGN_IDENTITY[sdk=iphoneos*]" = "iPhone Developer";
				COPY_PHASE_STRIP = NO;
				DEBUG_INFORMATION_FORMAT = dwarf;
				ENABLE_STRICT_OBJC_MSGSEND = YES;
				ENABLE_TESTABILITY = YES;
				GCC_C_LANGUAGE_STANDARD = gnu99;
				GCC_DYNAMIC_NO_PIC = NO;
				GCC_NO_COMMON_BLOCKS = YES;
				GCC_OPTIMIZATION_LEVEL = 0;
				GCC_PREPROCESSOR_DEFINITIONS = (
					"DEBUG=1",
					"$(inherited)",
				);
				GCC_WARN_64_TO_32_BIT_CONVERSION = YES;
				GCC_WARN_ABOUT_RETURN_TYPE = YES_ERROR;
				GCC_WARN_UNDECLARED_SELECTOR = YES;
				GCC_WARN_UNINITIALIZED_AUTOS = YES_AGGRESSIVE;
				GCC_WARN_UNUSED_FUNCTION = YES;
				GCC_WARN_UNUSED_VARIABLE = YES;
				IPHONEOS_DEPLOYMENT_TARGET = 10.2;
				MTL_ENABLE_DEBUG_INFO = YES;
				ONLY_ACTIVE_ARCH = YES;
				SDKROOT = iphoneos;
				SWIFT_ACTIVE_COMPILATION_CONDITIONS = DEBUG;
				SWIFT_OPTIMIZATION_LEVEL = "-Onone";
				TARGETED_DEVICE_FAMILY = "1,2";
			};
			name = Debug;
		};
		6D2C12DF1E9C281F00899852 /* Release */ = {
			isa = XCBuildConfiguration;
			buildSettings = {
				ALWAYS_SEARCH_USER_PATHS = NO;
				CLANG_ANALYZER_NONNULL = YES;
				CLANG_CXX_LANGUAGE_STANDARD = "gnu++0x";
				CLANG_CXX_LIBRARY = "libc++";
				CLANG_ENABLE_MODULES = YES;
				CLANG_ENABLE_OBJC_ARC = YES;
				CLANG_WARN_BOOL_CONVERSION = YES;
				CLANG_WARN_CONSTANT_CONVERSION = YES;
				CLANG_WARN_DIRECT_OBJC_ISA_USAGE = YES_ERROR;
				CLANG_WARN_DOCUMENTATION_COMMENTS = YES;
				CLANG_WARN_EMPTY_BODY = YES;
				CLANG_WARN_ENUM_CONVERSION = YES;
				CLANG_WARN_INFINITE_RECURSION = YES;
				CLANG_WARN_INT_CONVERSION = YES;
				CLANG_WARN_OBJC_ROOT_CLASS = YES_ERROR;
				CLANG_WARN_SUSPICIOUS_MOVE = YES;
				CLANG_WARN_UNREACHABLE_CODE = YES;
				CLANG_WARN__DUPLICATE_METHOD_MATCH = YES;
				"CODE_SIGN_IDENTITY[sdk=iphoneos*]" = "iPhone Developer";
				COPY_PHASE_STRIP = NO;
				DEBUG_INFORMATION_FORMAT = "dwarf-with-dsym";
				ENABLE_NS_ASSERTIONS = NO;
				ENABLE_STRICT_OBJC_MSGSEND = YES;
				GCC_C_LANGUAGE_STANDARD = gnu99;
				GCC_NO_COMMON_BLOCKS = YES;
				GCC_WARN_64_TO_32_BIT_CONVERSION = YES;
				GCC_WARN_ABOUT_RETURN_TYPE = YES_ERROR;
				GCC_WARN_UNDECLARED_SELECTOR = YES;
				GCC_WARN_UNINITIALIZED_AUTOS = YES_AGGRESSIVE;
				GCC_WARN_UNUSED_FUNCTION = YES;
				GCC_WARN_UNUSED_VARIABLE = YES;
				IPHONEOS_DEPLOYMENT_TARGET = 10.2;
				MTL_ENABLE_DEBUG_INFO = NO;
				SDKROOT = iphoneos;
				SWIFT_OPTIMIZATION_LEVEL = "-Owholemodule";
				TARGETED_DEVICE_FAMILY = "1,2";
				VALIDATE_PRODUCT = YES;
			};
			name = Release;
		};
		6D2C12E11E9C281F00899852 /* Debug */ = {
			isa = XCBuildConfiguration;
			buildSettings = {
				ASSETCATALOG_COMPILER_APPICON_NAME = AppIcon;
				INFOPLIST_FILE = New_Swift_Game/Info.plist;
				LD_RUNPATH_SEARCH_PATHS = "$(inherited) @executable_path/Frameworks";
				PRODUCT_BUNDLE_IDENTIFIER = "SME.New-Swift-Game";
				PRODUCT_NAME = "$(TARGET_NAME)";
				SWIFT_VERSION = 3.0;
			};
			name = Debug;
		};
		6D2C12E21E9C281F00899852 /* Release */ = {
			isa = XCBuildConfiguration;
			buildSettings = {
				ASSETCATALOG_COMPILER_APPICON_NAME = AppIcon;
				INFOPLIST_FILE = New_Swift_Game/Info.plist;
				LD_RUNPATH_SEARCH_PATHS = "$(inherited) @executable_path/Frameworks";
				PRODUCT_BUNDLE_IDENTIFIER = "SME.New-Swift-Game";
				PRODUCT_NAME = "$(TARGET_NAME)";
				SWIFT_VERSION = 3.0;
			};
			name = Release;
		};
		6D2C12E41E9C281F00899852 /* Debug */ = {
			isa = XCBuildConfiguration;
			buildSettings = {
				ALWAYS_EMBED_SWIFT_STANDARD_LIBRARIES = YES;
				BUNDLE_LOADER = "$(TEST_HOST)";
				INFOPLIST_FILE = New_Swift_GameTests/Info.plist;
				LD_RUNPATH_SEARCH_PATHS = "$(inherited) @executable_path/Frameworks @loader_path/Frameworks";
				PRODUCT_BUNDLE_IDENTIFIER = "SME.New-Swift-GameTests";
				PRODUCT_NAME = "$(TARGET_NAME)";
				SWIFT_VERSION = 3.0;
				TEST_HOST = "$(BUILT_PRODUCTS_DIR)/New_Swift_Game.app/New_Swift_Game";
			};
			name = Debug;
		};
		6D2C12E51E9C281F00899852 /* Release */ = {
			isa = XCBuildConfiguration;
			buildSettings = {
				ALWAYS_EMBED_SWIFT_STANDARD_LIBRARIES = YES;
				BUNDLE_LOADER = "$(TEST_HOST)";
				INFOPLIST_FILE = New_Swift_GameTests/Info.plist;
				LD_RUNPATH_SEARCH_PATHS = "$(inherited) @executable_path/Frameworks @loader_path/Frameworks";
				PRODUCT_BUNDLE_IDENTIFIER = "SME.New-Swift-GameTests";
				PRODUCT_NAME = "$(TARGET_NAME)";
				SWIFT_VERSION = 3.0;
				TEST_HOST = "$(BUILT_PRODUCTS_DIR)/New_Swift_Game.app/New_Swift_Game";
			};
			name = Release;
		};
		6D2C12E71E9C281F00899852 /* Debug */ = {
			isa = XCBuildConfiguration;
			buildSettings = {
				ALWAYS_EMBED_SWIFT_STANDARD_LIBRARIES = YES;
				INFOPLIST_FILE = New_Swift_GameUITests/Info.plist;
				LD_RUNPATH_SEARCH_PATHS = "$(inherited) @executable_path/Frameworks @loader_path/Frameworks";
				PRODUCT_BUNDLE_IDENTIFIER = "SME.New-Swift-GameUITests";
				PRODUCT_NAME = "$(TARGET_NAME)";
				SWIFT_VERSION = 3.0;
				TEST_TARGET_NAME = New_Swift_Game;
			};
			name = Debug;
		};
		6D2C12E81E9C281F00899852 /* Release */ = {
			isa = XCBuildConfiguration;
			buildSettings = {
				ALWAYS_EMBED_SWIFT_STANDARD_LIBRARIES = YES;
				INFOPLIST_FILE = New_Swift_GameUITests/Info.plist;
				LD_RUNPATH_SEARCH_PATHS = "$(inherited) @executable_path/Frameworks @loader_path/Frameworks";
				PRODUCT_BUNDLE_IDENTIFIER = "SME.New-Swift-GameUITests";
				PRODUCT_NAME = "$(TARGET_NAME)";
				SWIFT_VERSION = 3.0;
				TEST_TARGET_NAME = New_Swift_Game;
			};
			name = Release;
		};
/* End XCBuildConfiguration section */

/* Begin XCConfigurationList section */
		6D2C12B11E9C281D00899852 /* Build configuration list for PBXProject "New_Swift_Game" */ = {
			isa = XCConfigurationList;
			buildConfigurations = (
				6D2C12DE1E9C281F00899852 /* Debug */,
				6D2C12DF1E9C281F00899852 /* Release */,
			);
			defaultConfigurationIsVisible = 0;
			defaultConfigurationName = Release;
		};
		6D2C12E01E9C281F00899852 /* Build configuration list for PBXNativeTarget "New_Swift_Game" */ = {
			isa = XCConfigurationList;
			buildConfigurations = (
				6D2C12E11E9C281F00899852 /* Debug */,
				6D2C12E21E9C281F00899852 /* Release */,
			);
			defaultConfigurationIsVisible = 0;
		};
		6D2C12E31E9C281F00899852 /* Build configuration list for PBXNativeTarget "New_Swift_GameTests" */ = {
			isa = XCConfigurationList;
			buildConfigurations = (
				6D2C12E41E9C281F00899852 /* Debug */,
				6D2C12E51E9C281F00899852 /* Release */,
			);
			defaultConfigurationIsVisible = 0;
		};
		6D2C12E61E9C281F00899852 /* Build configuration list for PBXNativeTarget "New_Swift_GameUITests" */ = {
			isa = XCConfigurationList;
			buildConfigurations = (
				6D2C12E71E9C281F00899852 /* Debug */,
				6D2C12E81E9C281F00899852 /* Release */,
			);
			defaultConfigurationIsVisible = 0;
		};
/* End XCConfigurationList section */
	};
	rootObject = 6D2C12AE1E9C281D00899852 /* Project object */;
}
